
Microsoft Visual Studio Solution File, Format Version 12.00
# Visual Studio Version 17
VisualStudioVersion = 17.7.34031.279
MinimumVisualStudioVersion = 10.0.40219.1
Project("{FAE04EC0-301F-11D3-BF4B-00C04F79EFBC}") = "DVLD_UITier", "DVLD_UITier\DVLD_UITier.csproj", "{B2CC2486-FA49-48E9-8DB8-B5FA656EADC8}"
EndProject
Project("{FAE04EC0-301F-11D3-BF4B-00C04F79EFBC}") = "BusinessTier", "BusinessTier\BusinessTier.csproj", "{EFB98F04-C06A-4933-AE31-49940697E3A6}"
EndProject
Project("{FAE04EC0-301F-11D3-BF4B-00C04F79EFBC}") = "DataTier", "DataTier\DataTier.csproj", "{252B3B9C-D8A2-4A9D-B32E-D1689A541D92}"
EndProject
Global
	GlobalSection(SolutionConfigurationPlatforms) = preSolution
		Debug|Any CPU = Debug|Any CPU
		Release|Any CPU = Release|Any CPU
	EndGlobalSection
	GlobalSection(ProjectConfigurationPlatforms) = postSolution
		{B2CC2486-FA49-48E9-8DB8-B5FA656EADC8}.Debug|Any CPU.ActiveCfg = Debug|Any CPU
		{B2CC2486-FA49-48E9-8DB8-B5FA656EADC8}.Debug|Any CPU.Build.0 = Debug|Any CPU
		{B2CC2486-FA49-48E9-8DB8-B5FA656EADC8}.Release|Any CPU.ActiveCfg = Release|Any CPU
		{B2CC2486-FA49-48E9-8DB8-B5FA656EADC8}.Release|Any CPU.Build.0 = Release|Any CPU
		{EFB98F04-C06A-4933-AE31-49940697E3A6}.Debug|Any CPU.ActiveCfg = Debug|Any CPU
		{EFB98F04-C06A-4933-AE31-49940697E3A6}.Debug|Any CPU.Build.0 = Debug|Any CPU
		{EFB98F04-C06A-4933-AE31-49940697E3A6}.Release|Any CPU.ActiveCfg = Release|Any CPU
		{EFB98F04-C06A-4933-AE31-49940697E3A6}.Release|Any CPU.Build.0 = Release|Any CPU
		{252B3B9C-D8A2-4A9D-B32E-D1689A541D92}.Debug|Any CPU.ActiveCfg = Debug|Any CPU
		{252B3B9C-D8A2-4A9D-B32E-D1689A541D92}.Debug|Any CPU.Build.0 = Debug|Any CPU
		{252B3B9C-D8A2-4A9D-B32E-D1689A541D92}.Release|Any CPU.ActiveCfg = Release|Any CPU
		{252B3B9C-D8A2-4A9D-B32E-D1689A541D92}.Release|Any CPU.Build.0 = Release|Any CPU
	EndGlobalSection
	GlobalSection(SolutionProperties) = preSolution
		HideSolutionNode = FALSE
	EndGlobalSection
	GlobalSection(ExtensibilityGlobals) = postSolution
		SolutionGuid = {6993EC6A-6E92-4AE0-AD0D-0ED3008D079B}
	EndGlobalSection
EndGlobal
